
Microsoft Visual Studio Solution File, Format Version 12.00
# Visual Studio 15
VisualStudioVersion = 15.0.27703.2035
MinimumVisualStudioVersion = 10.0.40219.1
Project("{FAE04EC0-301F-11D3-BF4B-00C04F79EFBC}") = "PushMate.ApiGateway", "PushMate.ApiGateway\PushMate.ApiGateway.csproj", "{005EA5A3-EECE-488F-B3AA-B0DA963B2FCA}"
EndProject
Project("{E53339B2-1760-4266-BCC7-CA923CBCF16C}") = "docker-compose", "docker-compose.dcproj", "{CF1B4675-8D8B-4D19-A7B6-E8EC9EC0CDCB}"
EndProject
Global
	GlobalSection(SolutionConfigurationPlatforms) = preSolution
		Debug|Any CPU = Debug|Any CPU
		Release|Any CPU = Release|Any CPU
	EndGlobalSection
	GlobalSection(ProjectConfigurationPlatforms) = postSolution
		{005EA5A3-EECE-488F-B3AA-B0DA963B2FCA}.Debug|Any CPU.ActiveCfg = Debug|Any CPU
		{005EA5A3-EECE-488F-B3AA-B0DA963B2FCA}.Debug|Any CPU.Build.0 = Debug|Any CPU
		{005EA5A3-EECE-488F-B3AA-B0DA963B2FCA}.Release|Any CPU.ActiveCfg = Release|Any CPU
		{005EA5A3-EECE-488F-B3AA-B0DA963B2FCA}.Release|Any CPU.Build.0 = Release|Any CPU
		{CF1B4675-8D8B-4D19-A7B6-E8EC9EC0CDCB}.Debug|Any CPU.ActiveCfg = Debug|Any CPU
		{CF1B4675-8D8B-4D19-A7B6-E8EC9EC0CDCB}.Debug|Any CPU.Build.0 = Debug|Any CPU
		{CF1B4675-8D8B-4D19-A7B6-E8EC9EC0CDCB}.Release|Any CPU.ActiveCfg = Release|Any CPU
		{CF1B4675-8D8B-4D19-A7B6-E8EC9EC0CDCB}.Release|Any CPU.Build.0 = Release|Any CPU
	EndGlobalSection
	GlobalSection(SolutionProperties) = preSolution
		HideSolutionNode = FALSE
	EndGlobalSection
	GlobalSection(ExtensibilityGlobals) = postSolution
		SolutionGuid = {24250CD5-1F51-4E88-B648-0D4B25900560}
	EndGlobalSection
EndGlobal
